{
  "name": "@teddytales/rig-tools",
  "version": "0.1.0",
  "lockfileVersion": 3,
  "requires": true,
  "packages": {
    "": {
      "name": "@teddytales/rig-tools",
      "version": "0.1.0",
      "dependencies": {
        "@rive-app/webgl2": "2.42.2"
      },
      "bin": {
        "teddy": "bin/teddy.mjs"
      },
      "engines": {
        "node": ">=20"
      }
    },
    "node_modules/@rive-app/webgl2": {
      "version": "2.42.2",
      "resolved": "https://registry.npmjs.org/@rive-app/webgl2/-/webgl2-2.42.2.tgz",
      "integrity": "sha512-UjESaGjAlacYsZBszNG9mv6omhz6rciozNAWflVtXVk4WlpIRDPxb9ULZxQXa+sCBMGUiH2ZFtqsd0FwLXiNWg==",
      "license": "MIT"
    }
  }
}
